
Microsoft Visual Studio Solution File, Format Version 12.00
# Visual Studio 2013
VisualStudioVersion = 12.0.40629.0
MinimumVisualStudioVersion = 10.0.40219.1
Project("{2150E333-8FDC-42A3-9474-1A3956D46DE8}") = "2.Application", "2.Application", "{92F2EEF9-C420-4ABC-8881-ED3D8FEB0CF8}"
EndProject
Project("{2150E333-8FDC-42A3-9474-1A3956D46DE8}") = "3.Domain", "3.Domain", "{B4B1DDB0-1B1D-4390-AA0A-6847340E5455}"
EndProject
Project("{2150E333-8FDC-42A3-9474-1A3956D46DE8}") = "1.UserInterface", "1.UserInterface", "{76EDAEEC-709B-49A5-8514-824EE9F5F6FF}"
EndProject
Project("{2150E333-8FDC-42A3-9474-1A3956D46DE8}") = "4.Infrastructure", "4.Infrastructure", "{C5D75373-5ED2-4034-810F-577F48257598}"
EndProject
Project("{FAE04EC0-301F-11D3-BF4B-00C04F79EFBC}") = "GfkApp.Domain", "GfkApp.Domain\GfkApp.Domain.csproj", "{BB48B414-A999-4C02-B9AD-E078010AA96E}"
EndProject
Project("{FAE04EC0-301F-11D3-BF4B-00C04F79EFBC}") = "GfkApp.Infrastructure.Interfaces", "GfkApp.Infrastructure.Interfaces\GfkApp.Infrastructure.Interfaces.csproj", "{83F562AD-DD94-4C29-B633-E32CCB80D613}"
EndProject
Project("{FAE04EC0-301F-11D3-BF4B-00C04F79EFBC}") = "GfkApp.Infrastructure", "GfkApp.Infrastructure\GfkApp.Infrastructure.csproj", "{7D507E0D-3895-4D9E-BB69-3935442AFBD1}"
EndProject
Project("{FAE04EC0-301F-11D3-BF4B-00C04F79EFBC}") = "GfkApp.Repository", "GfkApp.Repository\GfkApp.Repository.csproj", "{BB17E528-5C59-43D5-B884-90D9FD29BE06}"
EndProject
Project("{FAE04EC0-301F-11D3-BF4B-00C04F79EFBC}") = "GfkApp.Repository.Interfaces", "GfkApp.Repository.Interfaces\GfkApp.Repository.Interfaces.csproj", "{E0A6DF79-1C79-4F06-87DE-AFB577855BA0}"
EndProject
Project("{FAE04EC0-301F-11D3-BF4B-00C04F79EFBC}") = "GfkApp.Bootstrapper", "GfkApp.Bootstrapper\GfkApp.Bootstrapper.csproj", "{0539F49F-2D7B-46F3-B5C0-F93DA2505FB3}"
EndProject
Project("{FAE04EC0-301F-11D3-BF4B-00C04F79EFBC}") = "GfkApp.Application.DTOs", "GfkApp.Application.DTOs\GfkApp.Application.DTOs.csproj", "{E7FC48C8-1771-4E4A-9A07-3BB51BA959E9}"
EndProject
Project("{FAE04EC0-301F-11D3-BF4B-00C04F79EFBC}") = "GfkApp.Application.Interfaces", "GfkApp.Application.Interfaces\GfkApp.Application.Interfaces.csproj", "{E4923148-A0A8-4228-8F13-1A49E91714A9}"
EndProject
Project("{FAE04EC0-301F-11D3-BF4B-00C04F79EFBC}") = "GfkApp.Application.Services", "GfkApp.Application.Services\GfkApp.Application.Services.csproj", "{EEF661CA-7928-4C86-B48B-E7C186638228}"
EndProject
Project("{FAE04EC0-301F-11D3-BF4B-00C04F79EFBC}") = "GfkApp.Domain.DomainServices", "GfkApp.Domain.DomainServices\GfkApp.Domain.DomainServices.csproj", "{6F0EA814-BA98-48A5-A59F-2D155B5C859D}"
EndProject
Project("{FAE04EC0-301F-11D3-BF4B-00C04F79EFBC}") = "GfkApp.Infrastructure.Mapping", "GfkApp.Infrastructure.Mapping\GfkApp.Infrastructure.Mapping.csproj", "{B28F209B-A919-4F75-A3D3-493FDD55CA35}"
EndProject
Project("{FAE04EC0-301F-11D3-BF4B-00C04F79EFBC}") = "GfkApp.Console", "GfkApp.Console\GfkApp.Console.csproj", "{37FE7772-C3EE-438B-B8A5-920A212D4322}"
EndProject
Project("{FAE04EC0-301F-11D3-BF4B-00C04F79EFBC}") = "GfkApp.Web", "GfkApp.Web\GfkApp.Web.csproj", "{E20D4180-C66C-4B2B-BBE6-C81EEF543BDF}"
EndProject
Global
	GlobalSection(SolutionConfigurationPlatforms) = preSolution
		Debug|Any CPU = Debug|Any CPU
		Release|Any CPU = Release|Any CPU
	EndGlobalSection
	GlobalSection(ProjectConfigurationPlatforms) = postSolution
		{BB48B414-A999-4C02-B9AD-E078010AA96E}.Debug|Any CPU.ActiveCfg = Debug|Any CPU
		{BB48B414-A999-4C02-B9AD-E078010AA96E}.Debug|Any CPU.Build.0 = Debug|Any CPU
		{BB48B414-A999-4C02-B9AD-E078010AA96E}.Release|Any CPU.ActiveCfg = Release|Any CPU
		{BB48B414-A999-4C02-B9AD-E078010AA96E}.Release|Any CPU.Build.0 = Release|Any CPU
		{83F562AD-DD94-4C29-B633-E32CCB80D613}.Debug|Any CPU.ActiveCfg = Debug|Any CPU
		{83F562AD-DD94-4C29-B633-E32CCB80D613}.Debug|Any CPU.Build.0 = Debug|Any CPU
		{83F562AD-DD94-4C29-B633-E32CCB80D613}.Release|Any CPU.ActiveCfg = Release|Any CPU
		{83F562AD-DD94-4C29-B633-E32CCB80D613}.Release|Any CPU.Build.0 = Release|Any CPU
		{7D507E0D-3895-4D9E-BB69-3935442AFBD1}.Debug|Any CPU.ActiveCfg = Debug|Any CPU
		{7D507E0D-3895-4D9E-BB69-3935442AFBD1}.Debug|Any CPU.Build.0 = Debug|Any CPU
		{7D507E0D-3895-4D9E-BB69-3935442AFBD1}.Release|Any CPU.ActiveCfg = Release|Any CPU
		{7D507E0D-3895-4D9E-BB69-3935442AFBD1}.Release|Any CPU.Build.0 = Release|Any CPU
		{BB17E528-5C59-43D5-B884-90D9FD29BE06}.Debug|Any CPU.ActiveCfg = Debug|Any CPU
		{BB17E528-5C59-43D5-B884-90D9FD29BE06}.Debug|Any CPU.Build.0 = Debug|Any CPU
		{BB17E528-5C59-43D5-B884-90D9FD29BE06}.Release|Any CPU.ActiveCfg = Release|Any CPU
		{BB17E528-5C59-43D5-B884-90D9FD29BE06}.Release|Any CPU.Build.0 = Release|Any CPU
		{E0A6DF79-1C79-4F06-87DE-AFB577855BA0}.Debug|Any CPU.ActiveCfg = Debug|Any CPU
		{E0A6DF79-1C79-4F06-87DE-AFB577855BA0}.Debug|Any CPU.Build.0 = Debug|Any CPU
		{E0A6DF79-1C79-4F06-87DE-AFB577855BA0}.Release|Any CPU.ActiveCfg = Release|Any CPU
		{E0A6DF79-1C79-4F06-87DE-AFB577855BA0}.Release|Any CPU.Build.0 = Release|Any CPU
		{0539F49F-2D7B-46F3-B5C0-F93DA2505FB3}.Debug|Any CPU.ActiveCfg = Debug|Any CPU
		{0539F49F-2D7B-46F3-B5C0-F93DA2505FB3}.Debug|Any CPU.Build.0 = Debug|Any CPU
		{0539F49F-2D7B-46F3-B5C0-F93DA2505FB3}.Release|Any CPU.ActiveCfg = Release|Any CPU
		{0539F49F-2D7B-46F3-B5C0-F93DA2505FB3}.Release|Any CPU.Build.0 = Release|Any CPU
		{E7FC48C8-1771-4E4A-9A07-3BB51BA959E9}.Debug|Any CPU.ActiveCfg = Debug|Any CPU
		{E7FC48C8-1771-4E4A-9A07-3BB51BA959E9}.Debug|Any CPU.Build.0 = Debug|Any CPU
		{E7FC48C8-1771-4E4A-9A07-3BB51BA959E9}.Release|Any CPU.ActiveCfg = Release|Any CPU
		{E7FC48C8-1771-4E4A-9A07-3BB51BA959E9}.Release|Any CPU.Build.0 = Release|Any CPU
		{E4923148-A0A8-4228-8F13-1A49E91714A9}.Debug|Any CPU.ActiveCfg = Debug|Any CPU
		{E4923148-A0A8-4228-8F13-1A49E91714A9}.Debug|Any CPU.Build.0 = Debug|Any CPU
		{E4923148-A0A8-4228-8F13-1A49E91714A9}.Release|Any CPU.ActiveCfg = Release|Any CPU
		{E4923148-A0A8-4228-8F13-1A49E91714A9}.Release|Any CPU.Build.0 = Release|Any CPU
		{EEF661CA-7928-4C86-B48B-E7C186638228}.Debug|Any CPU.ActiveCfg = Debug|Any CPU
		{EEF661CA-7928-4C86-B48B-E7C186638228}.Debug|Any CPU.Build.0 = Debug|Any CPU
		{EEF661CA-7928-4C86-B48B-E7C186638228}.Release|Any CPU.ActiveCfg = Release|Any CPU
		{EEF661CA-7928-4C86-B48B-E7C186638228}.Release|Any CPU.Build.0 = Release|Any CPU
		{6F0EA814-BA98-48A5-A59F-2D155B5C859D}.Debug|Any CPU.ActiveCfg = Debug|Any CPU
		{6F0EA814-BA98-48A5-A59F-2D155B5C859D}.Debug|Any CPU.Build.0 = Debug|Any CPU
		{6F0EA814-BA98-48A5-A59F-2D155B5C859D}.Release|Any CPU.ActiveCfg = Release|Any CPU
		{6F0EA814-BA98-48A5-A59F-2D155B5C859D}.Release|Any CPU.Build.0 = Release|Any CPU
		{B28F209B-A919-4F75-A3D3-493FDD55CA35}.Debug|Any CPU.ActiveCfg = Debug|Any CPU
		{B28F209B-A919-4F75-A3D3-493FDD55CA35}.Debug|Any CPU.Build.0 = Debug|Any CPU
		{B28F209B-A919-4F75-A3D3-493FDD55CA35}.Release|Any CPU.ActiveCfg = Release|Any CPU
		{B28F209B-A919-4F75-A3D3-493FDD55CA35}.Release|Any CPU.Build.0 = Release|Any CPU
		{37FE7772-C3EE-438B-B8A5-920A212D4322}.Debug|Any CPU.ActiveCfg = Debug|Any CPU
		{37FE7772-C3EE-438B-B8A5-920A212D4322}.Debug|Any CPU.Build.0 = Debug|Any CPU
		{37FE7772-C3EE-438B-B8A5-920A212D4322}.Release|Any CPU.ActiveCfg = Release|Any CPU
		{37FE7772-C3EE-438B-B8A5-920A212D4322}.Release|Any CPU.Build.0 = Release|Any CPU
		{E20D4180-C66C-4B2B-BBE6-C81EEF543BDF}.Debug|Any CPU.ActiveCfg = Debug|Any CPU
		{E20D4180-C66C-4B2B-BBE6-C81EEF543BDF}.Debug|Any CPU.Build.0 = Debug|Any CPU
		{E20D4180-C66C-4B2B-BBE6-C81EEF543BDF}.Release|Any CPU.ActiveCfg = Release|Any CPU
		{E20D4180-C66C-4B2B-BBE6-C81EEF543BDF}.Release|Any CPU.Build.0 = Release|Any CPU
	EndGlobalSection
	GlobalSection(SolutionProperties) = preSolution
		HideSolutionNode = FALSE
	EndGlobalSection
	GlobalSection(NestedProjects) = preSolution
		{BB48B414-A999-4C02-B9AD-E078010AA96E} = {B4B1DDB0-1B1D-4390-AA0A-6847340E5455}
		{83F562AD-DD94-4C29-B633-E32CCB80D613} = {C5D75373-5ED2-4034-810F-577F48257598}
		{7D507E0D-3895-4D9E-BB69-3935442AFBD1} = {C5D75373-5ED2-4034-810F-577F48257598}
		{BB17E528-5C59-43D5-B884-90D9FD29BE06} = {C5D75373-5ED2-4034-810F-577F48257598}
		{E0A6DF79-1C79-4F06-87DE-AFB577855BA0} = {B4B1DDB0-1B1D-4390-AA0A-6847340E5455}
		{0539F49F-2D7B-46F3-B5C0-F93DA2505FB3} = {C5D75373-5ED2-4034-810F-577F48257598}
		{E7FC48C8-1771-4E4A-9A07-3BB51BA959E9} = {92F2EEF9-C420-4ABC-8881-ED3D8FEB0CF8}
		{E4923148-A0A8-4228-8F13-1A49E91714A9} = {92F2EEF9-C420-4ABC-8881-ED3D8FEB0CF8}
		{EEF661CA-7928-4C86-B48B-E7C186638228} = {92F2EEF9-C420-4ABC-8881-ED3D8FEB0CF8}
		{6F0EA814-BA98-48A5-A59F-2D155B5C859D} = {B4B1DDB0-1B1D-4390-AA0A-6847340E5455}
		{B28F209B-A919-4F75-A3D3-493FDD55CA35} = {C5D75373-5ED2-4034-810F-577F48257598}
		{37FE7772-C3EE-438B-B8A5-920A212D4322} = {76EDAEEC-709B-49A5-8514-824EE9F5F6FF}
		{E20D4180-C66C-4B2B-BBE6-C81EEF543BDF} = {76EDAEEC-709B-49A5-8514-824EE9F5F6FF}
	EndGlobalSection
EndGlobal
